
Microsoft Visual Studio Solution File, Format Version 12.00
# Visual Studio Version 17
VisualStudioVersion = 17.14.36202.13 d17.14
MinimumVisualStudioVersion = 10.0.40219.1
Project("{FAE04EC0-301F-11D3-BF4B-00C04F79EFBC}") = "BusinessObjects", "BusinessObjects\BusinessObjects.csproj", "{197135FD-DE3F-41FC-8E0C-0A28E9E860B6}"
EndProject
Project("{FAE04EC0-301F-11D3-BF4B-00C04F79EFBC}") = "Repositories", "Repositories\Repositories.csproj", "{D70F8C48-ED5B-4EA1-A878-7AD56C7D7265}"
EndProject
Project("{FAE04EC0-301F-11D3-BF4B-00C04F79EFBC}") = "Services", "Services\Services.csproj", "{7B5D69BA-147F-4317-87AE-0F78407802D6}"
EndProject
Project("{FAE04EC0-301F-11D3-BF4B-00C04F79EFBC}") = "TShirtAI.API", "TShirtAI.API\TShirtAI.API.csproj", "{71AB9606-1A0F-4419-BC83-A3CA2F90A9FE}"
EndProject
Project("{FAE04EC0-301F-11D3-BF4B-00C04F79EFBC}") = "DTOs", "DTOs\DTOs.csproj", "{2A879720-6F47-4592-861D-7313B831261F}"
EndProject
Global
	GlobalSection(SolutionConfigurationPlatforms) = preSolution
		Debug|Any CPU = Debug|Any CPU
		Release|Any CPU = Release|Any CPU
	EndGlobalSection
	GlobalSection(ProjectConfigurationPlatforms) = postSolution
		{197135FD-DE3F-41FC-8E0C-0A28E9E860B6}.Debug|Any CPU.ActiveCfg = Debug|Any CPU
		{197135FD-DE3F-41FC-8E0C-0A28E9E860B6}.Debug|Any CPU.Build.0 = Debug|Any CPU
		{197135FD-DE3F-41FC-8E0C-0A28E9E860B6}.Release|Any CPU.ActiveCfg = Release|Any CPU
		{197135FD-DE3F-41FC-8E0C-0A28E9E860B6}.Release|Any CPU.Build.0 = Release|Any CPU
		{D70F8C48-ED5B-4EA1-A878-7AD56C7D7265}.Debug|Any CPU.ActiveCfg = Debug|Any CPU
		{D70F8C48-ED5B-4EA1-A878-7AD56C7D7265}.Debug|Any CPU.Build.0 = Debug|Any CPU
		{D70F8C48-ED5B-4EA1-A878-7AD56C7D7265}.Release|Any CPU.ActiveCfg = Release|Any CPU
		{D70F8C48-ED5B-4EA1-A878-7AD56C7D7265}.Release|Any CPU.Build.0 = Release|Any CPU
		{7B5D69BA-147F-4317-87AE-0F78407802D6}.Debug|Any CPU.ActiveCfg = Debug|Any CPU
		{7B5D69BA-147F-4317-87AE-0F78407802D6}.Debug|Any CPU.Build.0 = Debug|Any CPU
		{7B5D69BA-147F-4317-87AE-0F78407802D6}.Release|Any CPU.ActiveCfg = Release|Any CPU
		{7B5D69BA-147F-4317-87AE-0F78407802D6}.Release|Any CPU.Build.0 = Release|Any CPU
		{71AB9606-1A0F-4419-BC83-A3CA2F90A9FE}.Debug|Any CPU.ActiveCfg = Debug|Any CPU
		{71AB9606-1A0F-4419-BC83-A3CA2F90A9FE}.Debug|Any CPU.Build.0 = Debug|Any CPU
		{71AB9606-1A0F-4419-BC83-A3CA2F90A9FE}.Release|Any CPU.ActiveCfg = Release|Any CPU
		{71AB9606-1A0F-4419-BC83-A3CA2F90A9FE}.Release|Any CPU.Build.0 = Release|Any CPU
		{2A879720-6F47-4592-861D-7313B831261F}.Debug|Any CPU.ActiveCfg = Debug|Any CPU
		{2A879720-6F47-4592-861D-7313B831261F}.Debug|Any CPU.Build.0 = Debug|Any CPU
		{2A879720-6F47-4592-861D-7313B831261F}.Release|Any CPU.ActiveCfg = Release|Any CPU
		{2A879720-6F47-4592-861D-7313B831261F}.Release|Any CPU.Build.0 = Release|Any CPU
	EndGlobalSection
	GlobalSection(SolutionProperties) = preSolution
		HideSolutionNode = FALSE
	EndGlobalSection
	GlobalSection(ExtensibilityGlobals) = postSolution
		SolutionGuid = {31BED60C-7E19-4F3F-8899-E0388CFC40C2}
	EndGlobalSection
EndGlobal
